
Microsoft Visual Studio Solution File, Format Version 12.00
# Visual Studio Version 16
VisualStudioVersion = 16.0.31402.337
MinimumVisualStudioVersion = 10.0.40219.1
Project("{FAE04EC0-301F-11D3-BF4B-00C04F79EFBC}") = "Leaflet.API", "Leaflet.API\Leaflet.API.csproj", "{D28DB7B2-EA47-4631-8DA3-38A623421DA3}"
EndProject
Project("{FAE04EC0-301F-11D3-BF4B-00C04F79EFBC}") = "Leaflet.WebAppWithDotNET", "Leaflet.WebAppWithDotNET\Leaflet.WebAppWithDotNET.csproj", "{4D6152BB-0322-4A50-81F8-4F2071879C5C}"
EndProject
Project("{FAE04EC0-301F-11D3-BF4B-00C04F79EFBC}") = "Leafltet.UI", "WebApplication3\Leafltet.UI.csproj", "{A776B98C-4304-4445-96EA-93E9C43421B0}"
EndProject
Global
	GlobalSection(SolutionConfigurationPlatforms) = preSolution
		Debug|Any CPU = Debug|Any CPU
		Release|Any CPU = Release|Any CPU
	EndGlobalSection
	GlobalSection(ProjectConfigurationPlatforms) = postSolution
		{D28DB7B2-EA47-4631-8DA3-38A623421DA3}.Debug|Any CPU.ActiveCfg = Debug|Any CPU
		{D28DB7B2-EA47-4631-8DA3-38A623421DA3}.Debug|Any CPU.Build.0 = Debug|Any CPU
		{D28DB7B2-EA47-4631-8DA3-38A623421DA3}.Release|Any CPU.ActiveCfg = Release|Any CPU
		{D28DB7B2-EA47-4631-8DA3-38A623421DA3}.Release|Any CPU.Build.0 = Release|Any CPU
		{4D6152BB-0322-4A50-81F8-4F2071879C5C}.Debug|Any CPU.ActiveCfg = Debug|Any CPU
		{4D6152BB-0322-4A50-81F8-4F2071879C5C}.Debug|Any CPU.Build.0 = Debug|Any CPU
		{4D6152BB-0322-4A50-81F8-4F2071879C5C}.Release|Any CPU.ActiveCfg = Release|Any CPU
		{4D6152BB-0322-4A50-81F8-4F2071879C5C}.Release|Any CPU.Build.0 = Release|Any CPU
		{A776B98C-4304-4445-96EA-93E9C43421B0}.Debug|Any CPU.ActiveCfg = Debug|Any CPU
		{A776B98C-4304-4445-96EA-93E9C43421B0}.Debug|Any CPU.Build.0 = Debug|Any CPU
		{A776B98C-4304-4445-96EA-93E9C43421B0}.Release|Any CPU.ActiveCfg = Release|Any CPU
		{A776B98C-4304-4445-96EA-93E9C43421B0}.Release|Any CPU.Build.0 = Release|Any CPU
	EndGlobalSection
	GlobalSection(SolutionProperties) = preSolution
		HideSolutionNode = FALSE
	EndGlobalSection
	GlobalSection(ExtensibilityGlobals) = postSolution
		SolutionGuid = {F785C2E1-3ED4-402F-9C38-5161FF5AE3F9}
	EndGlobalSection
EndGlobal
